
Microsoft Visual Studio Solution File, Format Version 12.00
# Visual Studio Version 17
VisualStudioVersion = 17.12.35707.178
MinimumVisualStudioVersion = 10.0.40219.1
Project("{8BC9CEB8-8B4A-11D0-8D11-00A0C91BC942}") = "BifrostCalculatorApp", "BifrostCalculatorApp\BifrostCalculatorApp.vcxproj", "{1449A825-E394-43ED-9E45-1E8A463C29A8}"
EndProject
Project("{54435603-DBB4-11D2-8724-00A0C9A8B90C}") = "BifrostSetup", "BifrostSetup\BifrostSetup.vdproj", "{2FED35AA-9F23-4CFE-8FD7-30841990D6EC}"
EndProject
Global
	GlobalSection(SolutionConfigurationPlatforms) = preSolution
		Debug|ARM = Debug|ARM
		Debug|x64 = Debug|x64
		Debug|x86 = Debug|x86
		Prod|ARM = Prod|ARM
		Prod|x64 = Prod|x64
		Prod|x86 = Prod|x86
		Release|ARM = Release|ARM
		Release|x64 = Release|x64
		Release|x86 = Release|x86
	EndGlobalSection
	GlobalSection(ProjectConfigurationPlatforms) = postSolution
		{1449A825-E394-43ED-9E45-1E8A463C29A8}.Debug|ARM.ActiveCfg = Test|Win32
		{1449A825-E394-43ED-9E45-1E8A463C29A8}.Debug|ARM.Build.0 = Test|Win32
		{1449A825-E394-43ED-9E45-1E8A463C29A8}.Debug|x64.ActiveCfg = Debug|Win32
		{1449A825-E394-43ED-9E45-1E8A463C29A8}.Debug|x64.Build.0 = Debug|Win32
		{1449A825-E394-43ED-9E45-1E8A463C29A8}.Debug|x86.ActiveCfg = Debug|Win32
		{1449A825-E394-43ED-9E45-1E8A463C29A8}.Debug|x86.Build.0 = Debug|Win32
		{1449A825-E394-43ED-9E45-1E8A463C29A8}.Prod|ARM.ActiveCfg = Prod|x64
		{1449A825-E394-43ED-9E45-1E8A463C29A8}.Prod|x64.ActiveCfg = Debug|x64
		{1449A825-E394-43ED-9E45-1E8A463C29A8}.Prod|x64.Build.0 = Debug|x64
		{1449A825-E394-43ED-9E45-1E8A463C29A8}.Prod|x86.ActiveCfg = Prod|x64
		{1449A825-E394-43ED-9E45-1E8A463C29A8}.Prod|x86.Build.0 = Prod|x64
		{1449A825-E394-43ED-9E45-1E8A463C29A8}.Release|ARM.ActiveCfg = Release|x64
		{1449A825-E394-43ED-9E45-1E8A463C29A8}.Release|x64.ActiveCfg = Release|x64
		{1449A825-E394-43ED-9E45-1E8A463C29A8}.Release|x64.Build.0 = Release|x64
		{1449A825-E394-43ED-9E45-1E8A463C29A8}.Release|x86.ActiveCfg = Release|Win32
		{1449A825-E394-43ED-9E45-1E8A463C29A8}.Release|x86.Build.0 = Release|Win32
		{2FED35AA-9F23-4CFE-8FD7-30841990D6EC}.Debug|ARM.ActiveCfg = Debug
		{2FED35AA-9F23-4CFE-8FD7-30841990D6EC}.Debug|ARM.Build.0 = Debug
		{2FED35AA-9F23-4CFE-8FD7-30841990D6EC}.Debug|x64.ActiveCfg = Debug
		{2FED35AA-9F23-4CFE-8FD7-30841990D6EC}.Debug|x86.ActiveCfg = Debug
		{2FED35AA-9F23-4CFE-8FD7-30841990D6EC}.Prod|ARM.ActiveCfg = Debug
		{2FED35AA-9F23-4CFE-8FD7-30841990D6EC}.Prod|ARM.Build.0 = Debug
		{2FED35AA-9F23-4CFE-8FD7-30841990D6EC}.Prod|x64.ActiveCfg = Debug
		{2FED35AA-9F23-4CFE-8FD7-30841990D6EC}.Prod|x86.ActiveCfg = Debug
		{2FED35AA-9F23-4CFE-8FD7-30841990D6EC}.Release|ARM.ActiveCfg = Release
		{2FED35AA-9F23-4CFE-8FD7-30841990D6EC}.Release|ARM.Build.0 = Release
		{2FED35AA-9F23-4CFE-8FD7-30841990D6EC}.Release|x64.ActiveCfg = Release
		{2FED35AA-9F23-4CFE-8FD7-30841990D6EC}.Release|x86.ActiveCfg = Release
	EndGlobalSection
	GlobalSection(SolutionProperties) = preSolution
		HideSolutionNode = FALSE
	EndGlobalSection
EndGlobal
